
Microsoft Visual Studio Solution File, Format Version 12.00
# Visual Studio Version 17
VisualStudioVersion = 17.5.33414.496
MinimumVisualStudioVersion = 10.0.40219.1
Project("{FAE04EC0-301F-11D3-BF4B-00C04F79EFBC}") = "Product", "Product\Product.csproj", "{23FFA54B-041F-44C2-81B4-CA536D116451}"
EndProject
Global
	GlobalSection(SolutionConfigurationPlatforms) = preSolution
		Debug|Any CPU = Debug|Any CPU
		Release|Any CPU = Release|Any CPU
	EndGlobalSection
	GlobalSection(ProjectConfigurationPlatforms) = postSolution
		{23FFA54B-041F-44C2-81B4-CA536D116451}.Debug|Any CPU.ActiveCfg = Debug|Any CPU
		{23FFA54B-041F-44C2-81B4-CA536D116451}.Debug|Any CPU.Build.0 = Debug|Any CPU
		{23FFA54B-041F-44C2-81B4-CA536D116451}.Release|Any CPU.ActiveCfg = Release|Any CPU
		{23FFA54B-041F-44C2-81B4-CA536D116451}.Release|Any CPU.Build.0 = Release|Any CPU
	EndGlobalSection
	GlobalSection(SolutionProperties) = preSolution
		HideSolutionNode = FALSE
	EndGlobalSection
	GlobalSection(ExtensibilityGlobals) = postSolution
		SolutionGuid = {F4C6016E-AF3E-4739-9F25-FAB39C271E28}
	EndGlobalSection
EndGlobal
